
Microsoft Visual Studio Solution File, Format Version 12.00
# Visual Studio 14
VisualStudioVersion = 14.0.24720.0
MinimumVisualStudioVersion = 10.0.40219.1
Project("{FAE04EC0-301F-11D3-BF4B-00C04F79EFBC}") = "ForceInheritance", "ForceInheritance\ForceInheritance\ForceInheritance.csproj", "{1FB1D1AB-DFC8-471B-AB6A-BBC5838FF050}"
EndProject
Project("{FAE04EC0-301F-11D3-BF4B-00C04F79EFBC}") = "ForceInheritance.Test", "ForceInheritance\ForceInheritance.Test\ForceInheritance.Test.csproj", "{941D3C2A-4BC0-438E-BE47-E1299931EDE3}"
EndProject
Project("{FAE04EC0-301F-11D3-BF4B-00C04F79EFBC}") = "ForceInheritance.Vsix", "ForceInheritance\ForceInheritance.Vsix\ForceInheritance.Vsix.csproj", "{86B994E0-AC43-4F60-82D6-41CF6AB611A1}"
EndProject
Project("{FAE04EC0-301F-11D3-BF4B-00C04F79EFBC}") = "SyntaxTester", "SyntaxTester\SyntaxTester.csproj", "{E55CB6BF-5BB7-4FA2-9E33-EE304A8E29F9}"
EndProject
Global
	GlobalSection(SolutionConfigurationPlatforms) = preSolution
		Debug|Any CPU = Debug|Any CPU
		Release|Any CPU = Release|Any CPU
	EndGlobalSection
	GlobalSection(ProjectConfigurationPlatforms) = postSolution
		{1FB1D1AB-DFC8-471B-AB6A-BBC5838FF050}.Debug|Any CPU.ActiveCfg = Debug|Any CPU
		{1FB1D1AB-DFC8-471B-AB6A-BBC5838FF050}.Debug|Any CPU.Build.0 = Debug|Any CPU
		{1FB1D1AB-DFC8-471B-AB6A-BBC5838FF050}.Release|Any CPU.ActiveCfg = Release|Any CPU
		{1FB1D1AB-DFC8-471B-AB6A-BBC5838FF050}.Release|Any CPU.Build.0 = Release|Any CPU
		{941D3C2A-4BC0-438E-BE47-E1299931EDE3}.Debug|Any CPU.ActiveCfg = Debug|Any CPU
		{941D3C2A-4BC0-438E-BE47-E1299931EDE3}.Debug|Any CPU.Build.0 = Debug|Any CPU
		{941D3C2A-4BC0-438E-BE47-E1299931EDE3}.Release|Any CPU.ActiveCfg = Release|Any CPU
		{941D3C2A-4BC0-438E-BE47-E1299931EDE3}.Release|Any CPU.Build.0 = Release|Any CPU
		{86B994E0-AC43-4F60-82D6-41CF6AB611A1}.Debug|Any CPU.ActiveCfg = Debug|Any CPU
		{86B994E0-AC43-4F60-82D6-41CF6AB611A1}.Debug|Any CPU.Build.0 = Debug|Any CPU
		{86B994E0-AC43-4F60-82D6-41CF6AB611A1}.Release|Any CPU.ActiveCfg = Release|Any CPU
		{86B994E0-AC43-4F60-82D6-41CF6AB611A1}.Release|Any CPU.Build.0 = Release|Any CPU
		{E55CB6BF-5BB7-4FA2-9E33-EE304A8E29F9}.Debug|Any CPU.ActiveCfg = Debug|Any CPU
		{E55CB6BF-5BB7-4FA2-9E33-EE304A8E29F9}.Debug|Any CPU.Build.0 = Debug|Any CPU
		{E55CB6BF-5BB7-4FA2-9E33-EE304A8E29F9}.Release|Any CPU.ActiveCfg = Release|Any CPU
		{E55CB6BF-5BB7-4FA2-9E33-EE304A8E29F9}.Release|Any CPU.Build.0 = Release|Any CPU
	EndGlobalSection
	GlobalSection(SolutionProperties) = preSolution
		HideSolutionNode = FALSE
	EndGlobalSection
EndGlobal
